lockfileVersion: 5.4

importers:

  apps/deezer-clone-vue:
    specifiers:
      '@vitejs/plugin-vue': ^3.1.0
      pinia: ^2.0.23
      prettier: ^2.7.1
      sass: ^1.55.0
      typescript: ^4.6.4
      vite: ^3.1.0
      vue: ^3.2.37
      vue-query: ^1.26.0
      vue-router: ^4.1.5
      vue-tsc: ^0.40.4
    dependencies:
      vue: 3.2.41
      vue-query: 1.26.0_vue@3.2.41
    devDependencies:
      '@vitejs/plugin-vue': 3.1.2_vite@3.1.8+vue@3.2.41
      pinia: 2.0.23_l7r24p6nevbtlimqmqcwa3ouhu
      prettier: 2.7.1
      sass: 1.55.0
      typescript: 4.8.4
      vite: 3.1.8_sass@1.55.0
      vue-router: 4.1.5_vue@3.2.41
      vue-tsc: 0.40.13_typescript@4.8.4

  apps/prozy-back:
    specifiers:
      '@fastify/cors': ^8.1.0
      fastify: ^4.9.2
      got: ^12.5.2
    dependencies:
      '@fastify/cors': 8.1.0
      fastify: 4.9.2
      got: 12.5.2

packages:

  /@babel/helper-string-parser/7.19.4:
    resolution: {integrity: sha512-nHtDoQcuqFmwYNYPz3Rah5ph2p8PFeFCsZk9A/48dPc/rGocJ5J3hAAZ7pb76VWX3fZKu+uEr/FhH5jLx7umrw==}
    engines: {node: '>=6.9.0'}

  /@babel/helper-validator-identifier/7.19.1:
    resolution: {integrity: sha512-awrNfaMtnHUr653GgGEs++LlAvW6w+DcPrOliSMXWCKo597CwL5Acf/wWdNkf/tfEQE3mjkeD1YOVZOUV/od1w==}
    engines: {node: '>=6.9.0'}

  /@babel/parser/7.19.6:
    resolution: {integrity: sha512-h1IUp81s2JYJ3mRkdxJgs4UvmSsRvDrx5ICSJbPvtWYv5i1nTBGcBpnog+89rAFMwvvru6E5NUHdBe01UeSzYA==}
    engines: {node: '>=6.0.0'}
    hasBin: true
    dependencies:
      '@babel/types': 7.19.4

  /@babel/runtime/7.19.4:
    resolution: {integrity: sha512-EXpLCrk55f+cYqmHsSR+yD/0gAIMxxA9QK9lnQWzhMCvt+YmoBN7Zx94s++Kv0+unHk39vxNO8t+CMA2WSS3wA==}
    engines: {node: '>=6.9.0'}
    dependencies:
      regenerator-runtime: 0.13.10
    dev: false

  /@babel/types/7.19.4:
    resolution: {integrity: sha512-M5LK7nAeS6+9j7hAq+b3fQs+pNfUtTGq+yFFfHnauFA8zQtLRfmuipmsKDKKLuyG+wC8ABW43A153YNawNTEtw==}
    engines: {node: '>=6.9.0'}
    dependencies:
      '@babel/helper-string-parser': 7.19.4
      '@babel/helper-validator-identifier': 7.19.1
      to-fast-properties: 2.0.0

  /@esbuild/android-arm/0.15.12:
    resolution: {integrity: sha512-IC7TqIqiyE0MmvAhWkl/8AEzpOtbhRNDo7aph47We1NbE5w2bt/Q+giAhe0YYeVpYnIhGMcuZY92qDK6dQauvA==}
    engines: {node: '>=12'}
    cpu: [arm]
    os: [android]
    requiresBuild: true
    dev: true
    optional: true

  /@esbuild/linux-loong64/0.15.12:
    resolution: {integrity: sha512-tZEowDjvU7O7I04GYvWQOS4yyP9E/7YlsB0jjw1Ycukgr2ycEzKyIk5tms5WnLBymaewc6VmRKnn5IJWgK4eFw==}
    engines: {node: '>=12'}
    cpu: [loong64]
    os: [linux]
    requiresBuild: true
    dev: true
    optional: true

  /@fastify/ajv-compiler/3.3.1:
    resolution: {integrity: sha512-IRnids8lblQ8e1i8h4JLyfJmebXE+ohcj8x8X/+Ew6ZB4H0Ui05z5YL6q5FOcl0zItVpu4adRzeyVNNUwmduIg==}
    dependencies:
      ajv: 8.11.0
      ajv-formats: 2.1.1
      fast-uri: 2.1.0
    dev: false

  /@fastify/cors/8.1.0:
    resolution: {integrity: sha512-1OmjwyxQZ8GePxa5t1Rpsn2qS56+1ouKMvZufpgJWhXtoCeM/ffA+PsNW8pyslPr4W0E27gVoFqtvHwhXW1U2w==}
    dependencies:
      fastify-plugin: 4.3.0
      mnemonist: 0.39.2
    dev: false

  /@fastify/deepmerge/1.1.0:
    resolution: {integrity: sha512-E8Hfdvs1bG6u0N4vN5Nty6JONUfTdOciyD5rn8KnEsLKIenvOVcr210BQR9t34PRkNyjqnMLGk3e0BsaxRdL+g==}
    dev: false

  /@fastify/error/3.0.0:
    resolution: {integrity: sha512-dPRyT40GiHRzSCll3/Jn2nPe25+E1VXc9tDwRAIKwFCxd5Np5wzgz1tmooWG3sV0qKgrBibihVoCna2ru4SEFg==}
    dev: false

  /@fastify/fast-json-stringify-compiler/4.1.0:
    resolution: {integrity: sha512-cTKBV2J9+u6VaKDhX7HepSfPSzw+F+TSd+k0wzifj4rG+4E5PjSFJCk19P8R6tr/72cuzgGd+mbB3jFT6lvAgw==}
    dependencies:
      fast-json-stringify: 5.4.0
    dev: false

  /@sindresorhus/is/5.3.0:
    resolution: {integrity: sha512-CX6t4SYQ37lzxicAqsBtxA3OseeoVrh9cSJ5PFYam0GksYlupRfy1A+Q4aYD3zvcfECLc0zO2u+ZnR2UYKvCrw==}
    engines: {node: '>=14.16'}
    dev: false

  /@szmarczak/http-timer/5.0.1:
    resolution: {integrity: sha512-+PmQX0PiAYPMeVYe237LJAYvOMYW1j2rH5YROyS3b4CTVJum34HfRvKvAzozHAQG0TnHNdUfY9nCeUyRAs//cw==}
    engines: {node: '>=14.16'}
    dependencies:
      defer-to-connect: 2.0.1
    dev: false

  /@types/http-cache-semantics/4.0.1:
    resolution: {integrity: sha512-SZs7ekbP8CN0txVG2xVRH6EgKmEm31BOxA07vkFaETzZz1xh+cbt8BcI0slpymvwhx5dlFnQG2rTlPVQn+iRPQ==}
    dev: false

  /@vitejs/plugin-vue/3.1.2_vite@3.1.8+vue@3.2.41:
    resolution: {integrity: sha512-3zxKNlvA3oNaKDYX0NBclgxTQ1xaFdL7PzwF6zj9tGFziKwmBa3Q/6XcJQxudlT81WxDjEhHmevvIC4Orc1LhQ==}
    engines: {node: ^14.18.0 || >=16.0.0}
    peerDependencies:
      vite: ^3.0.0
      vue: ^3.2.25
    dependencies:
      vite: 3.1.8_sass@1.55.0
      vue: 3.2.41
    dev: true

  /@volar/code-gen/0.40.13:
    resolution: {integrity: sha512-4gShBWuMce868OVvgyA1cU5WxHbjfEme18Tw6uVMfweZCF5fB2KECG0iPrA9D54vHk3FeHarODNwgIaaFfUBlA==}
    dependencies:
      '@volar/source-map': 0.40.13
    dev: true

  /@volar/source-map/0.40.13:
    resolution: {integrity: sha512-dbdkAB2Nxb0wLjAY5O64o3ywVWlAGONnBIoKAkXSf6qkGZM+nJxcizsoiI66K+RHQG0XqlyvjDizfnTxr+6PWg==}
    dependencies:
      '@vue/reactivity': 3.2.38
    dev: true

  /@volar/typescript-faster/0.40.13:
    resolution: {integrity: sha512-uy+TlcFkKoNlKEnxA4x5acxdxLyVDIXGSc8cYDNXpPKjBKXrQaetzCzlO3kVBqu1VLMxKNGJMTKn35mo+ILQmw==}
    dependencies:
      semver: 7.3.8
    dev: true

  /@volar/vue-language-core/0.40.13:
    resolution: {integrity: sha512-QkCb8msi2KUitTdM6Y4kAb7/ZlEvuLcbBFOC2PLBlFuoZwyxvSP7c/dBGmKGtJlEvMX0LdCyrg5V2aBYxD38/Q==}
    dependencies:
      '@volar/code-gen': 0.40.13
      '@volar/source-map': 0.40.13
      '@vue/compiler-core': 3.2.41
      '@vue/compiler-dom': 3.2.41
      '@vue/compiler-sfc': 3.2.41
      '@vue/reactivity': 3.2.41
      '@vue/shared': 3.2.41
    dev: true

  /@volar/vue-typescript/0.40.13:
    resolution: {integrity: sha512-o7bNztwjs8JmbQjVkrnbZUOfm7q4B8ZYssETISN1tRaBdun6cfNqgpkvDYd+VUBh1O4CdksvN+5BUNnwAz4oCQ==}
    dependencies:
      '@volar/code-gen': 0.40.13
      '@volar/typescript-faster': 0.40.13
      '@volar/vue-language-core': 0.40.13
    dev: true

  /@vue/compiler-core/3.2.41:
    resolution: {integrity: sha512-oA4mH6SA78DT+96/nsi4p9DX97PHcNROxs51lYk7gb9Z4BPKQ3Mh+BLn6CQZBw857Iuhu28BfMSRHAlPvD4vlw==}
    dependencies:
      '@babel/parser': 7.19.6
      '@vue/shared': 3.2.41
      estree-walker: 2.0.2
      source-map: 0.6.1

  /@vue/compiler-dom/3.2.41:
    resolution: {integrity: sha512-xe5TbbIsonjENxJsYRbDJvthzqxLNk+tb3d/c47zgREDa/PCp6/Y4gC/skM4H6PIuX5DAxm7fFJdbjjUH2QTMw==}
    dependencies:
      '@vue/compiler-core': 3.2.41
      '@vue/shared': 3.2.41

  /@vue/compiler-sfc/3.2.41:
    resolution: {integrity: sha512-+1P2m5kxOeaxVmJNXnBskAn3BenbTmbxBxWOtBq3mQTCokIreuMULFantBUclP0+KnzNCMOvcnKinqQZmiOF8w==}
    dependencies:
      '@babel/parser': 7.19.6
      '@vue/compiler-core': 3.2.41
      '@vue/compiler-dom': 3.2.41
      '@vue/compiler-ssr': 3.2.41
      '@vue/reactivity-transform': 3.2.41
      '@vue/shared': 3.2.41
      estree-walker: 2.0.2
      magic-string: 0.25.9
      postcss: 8.4.18
      source-map: 0.6.1

  /@vue/compiler-ssr/3.2.41:
    resolution: {integrity: sha512-Y5wPiNIiaMz/sps8+DmhaKfDm1xgj6GrH99z4gq2LQenfVQcYXmHIOBcs5qPwl7jaW3SUQWjkAPKMfQemEQZwQ==}
    dependencies:
      '@vue/compiler-dom': 3.2.41
      '@vue/shared': 3.2.41

  /@vue/devtools-api/6.4.5:
    resolution: {integrity: sha512-JD5fcdIuFxU4fQyXUu3w2KpAJHzTVdN+p4iOX2lMWSHMOoQdMAcpFLZzm9Z/2nmsoZ1a96QEhZ26e50xLBsgOQ==}

  /@vue/reactivity-transform/3.2.41:
    resolution: {integrity: sha512-mK5+BNMsL4hHi+IR3Ft/ho6Za+L3FA5j8WvreJ7XzHrqkPq8jtF/SMo7tuc9gHjLDwKZX1nP1JQOKo9IEAn54A==}
    dependencies:
      '@babel/parser': 7.19.6
      '@vue/compiler-core': 3.2.41
      '@vue/shared': 3.2.41
      estree-walker: 2.0.2
      magic-string: 0.25.9

  /@vue/reactivity/3.2.38:
    resolution: {integrity: sha512-6L4myYcH9HG2M25co7/BSo0skKFHpAN8PhkNPM4xRVkyGl1K5M3Jx4rp5bsYhvYze2K4+l+pioN4e6ZwFLUVtw==}
    dependencies:
      '@vue/shared': 3.2.38
    dev: true

  /@vue/reactivity/3.2.41:
    resolution: {integrity: sha512-9JvCnlj8uc5xRiQGZ28MKGjuCoPhhTwcoAdv3o31+cfGgonwdPNuvqAXLhlzu4zwqavFEG5tvaoINQEfxz+l6g==}
    dependencies:
      '@vue/shared': 3.2.41

  /@vue/runtime-core/3.2.41:
    resolution: {integrity: sha512-0LBBRwqnI0p4FgIkO9q2aJBBTKDSjzhnxrxHYengkAF6dMOjeAIZFDADAlcf2h3GDALWnblbeprYYpItiulSVQ==}
    dependencies:
      '@vue/reactivity': 3.2.41
      '@vue/shared': 3.2.41

  /@vue/runtime-dom/3.2.41:
    resolution: {integrity: sha512-U7zYuR1NVIP8BL6jmOqmapRAHovEFp7CSw4pR2FacqewXNGqZaRfHoNLQsqQvVQ8yuZNZtxSZy0FFyC70YXPpA==}
    dependencies:
      '@vue/runtime-core': 3.2.41
      '@vue/shared': 3.2.41
      csstype: 2.6.21

  /@vue/server-renderer/3.2.41_vue@3.2.41:
    resolution: {integrity: sha512-7YHLkfJdTlsZTV0ae5sPwl9Gn/EGr2hrlbcS/8naXm2CDpnKUwC68i1wGlrYAfIgYWL7vUZwk2GkYLQH5CvFig==}
    peerDependencies:
      vue: 3.2.41
    dependencies:
      '@vue/compiler-ssr': 3.2.41
      '@vue/shared': 3.2.41
      vue: 3.2.41

  /@vue/shared/3.2.38:
    resolution: {integrity: sha512-dTyhTIRmGXBjxJE+skC8tTWCGLCVc4wQgRRLt8+O9p5ewBAjoBwtCAkLPrtToSr1xltoe3st21Pv953aOZ7alg==}
    dev: true

  /@vue/shared/3.2.41:
    resolution: {integrity: sha512-W9mfWLHmJhkfAmV+7gDjcHeAWALQtgGT3JErxULl0oz6R6+3ug91I7IErs93eCFhPCZPHBs4QJS7YWEV7A3sxw==}

  /abort-controller/3.0.0:
    resolution: {integrity: sha512-h8lQ8tacZYnR3vNQTgibj+tODHI5/+l06Au2Pcriv/Gmet0eaj4TwWH41sO9wnHDiQsEj19q0drzdWdeAHtweg==}
    engines: {node: '>=6.5'}
    dependencies:
      event-target-shim: 5.0.1
    dev: false

  /abstract-logging/2.0.1:
    resolution: {integrity: sha512-2BjRTZxTPvheOvGbBslFSYOUkr+SjPtOnrLP33f+VIWLzezQpZcqVg7ja3L4dBXmzzgwT+a029jRx5PCi3JuiA==}
    dev: false

  /ajv-formats/2.1.1:
    resolution: {integrity: sha512-Wx0Kx52hxE7C18hkMEggYlEifqWZtYaRgouJor+WMdPnQyEK13vgEWyVNup7SoeeoLMsr4kf5h6dOW11I15MUA==}
    peerDependenciesMeta:
      ajv:
        optional: true
    dependencies:
      ajv: 8.11.0
    dev: false

  /ajv/8.11.0:
    resolution: {integrity: sha512-wGgprdCvMalC0BztXvitD2hC04YffAvtsUn93JbGXYLAtCUO4xd17mCCZQxUOItiBwZvJScWo8NIvQMQ71rdpg==}
    dependencies:
      fast-deep-equal: 3.1.3
      json-schema-traverse: 1.0.0
      require-from-string: 2.0.2
      uri-js: 4.4.1
    dev: false

  /anymatch/3.1.2:
    resolution: {integrity: sha512-P43ePfOAIupkguHUycrc4qJ9kz8ZiuOUijaETwX7THt0Y/GNK7v0aa8rY816xWjZ7rJdA5XdMcpVFTKMq+RvWg==}
    engines: {node: '>= 8'}
    dependencies:
      normalize-path: 3.0.0
      picomatch: 2.3.1
    dev: true

  /archy/1.0.0:
    resolution: {integrity: sha512-Xg+9RwCg/0p32teKdGMPTPnVXKD0w3DfHnFTficozsAgsvq2XenPJq/MYpzzQ/v8zrOyJn6Ds39VA4JIDwFfqw==}
    dev: false

  /atomic-sleep/1.0.0:
    resolution: {integrity: sha512-kNOjDqAh7px0XWNI+4QbzoiR/nTkHAWNud2uvnJquD1/x5a7EQZMJT0AczqK0Qn67oY/TTQ1LbUKajZpp3I9tQ==}
    engines: {node: '>=8.0.0'}
    dev: false

  /avvio/8.2.0:
    resolution: {integrity: sha512-bbCQdg7bpEv6kGH41RO/3B2/GMMmJSo2iBK+X8AWN9mujtfUipMDfIjsgHCfpnKqoGEQrrmCDKSa5OQ19+fDmg==}
    dependencies:
      archy: 1.0.0
      debug: 4.3.4
      fastq: 1.13.0
    transitivePeerDependencies:
      - supports-color
    dev: false

  /balanced-match/1.0.2:
    resolution: {integrity: sha512-3oSeUO0TMV67hN1AmbXsK4yaqU7tjiHlbxRDZOpH0KW9+CeX4bRAaX0Anxt0tx2MrpRpWwQaPwIlISEJhYU5Pw==}
    dev: false

  /base64-js/1.5.1:
    resolution: {integrity: sha512-AKpaYlHn8t4SVbOHCy+b5+KKgvR4vrsD8vbvrbiQJps7fKDTkjkDry6ji0rUJjC0kzbNePLwzxq8iypo41qeWA==}
    dev: false

  /big-integer/1.6.51:
    resolution: {integrity: sha512-GPEid2Y9QU1Exl1rpO9B2IPJGHPSupF5GnVIP0blYvNOMer2bTvSWs1jGOUg04hTmu67nmLsQ9TBo1puaotBHg==}
    engines: {node: '>=0.6'}
    dev: false

  /binary-extensions/2.2.0:
    resolution: {integrity: sha512-jDctJ/IVQbZoJykoeHbhXpOlNBqGNcwXJKJog42E5HDPUwQTSdjCHdihjj0DlnheQ7blbT6dHOafNAiS8ooQKA==}
    engines: {node: '>=8'}
    dev: true

  /brace-expansion/1.1.11:
    resolution: {integrity: sha512-iCuPHDFgrHX7H2vEI/5xpz07zSHB00TpugqhmYtVmMO6518mCuRMoOYFldEBl0g187ufozdaHgWKcYFb61qGiA==}
    dependencies:
      balanced-match: 1.0.2
      concat-map: 0.0.1
    dev: false

  /braces/3.0.2:
    resolution: {integrity: sha512-b8um+L1RzM3WDSzvhm6gIz1yfTbBt6YTlcEKAvsmqCZZFw46z626lVj9j1yEPW33H5H+lBQpZMP1k8l+78Ha0A==}
    engines: {node: '>=8'}
    dependencies:
      fill-range: 7.0.1
    dev: true

  /broadcast-channel/3.7.0:
    resolution: {integrity: sha512-cIAKJXAxGJceNZGTZSBzMxzyOn72cVgPnKx4dc6LRjQgbaJUQqhy5rzL3zbMxkMWsGKkv2hSFkPRMEXfoMZ2Mg==}
    dependencies:
      '@babel/runtime': 7.19.4
      detect-node: 2.1.0
      js-sha3: 0.8.0
      microseconds: 0.2.0
      nano-time: 1.0.0
      oblivious-set: 1.0.0
      rimraf: 3.0.2
      unload: 2.2.0
    dev: false

  /buffer/6.0.3:
    resolution: {integrity: sha512-FTiCpNxtwiZZHEZbcbTIcZjERVICn9yq/pDFkTl95/AxzD1naBctN7YO68riM/gLSDY7sdrMby8hofADYuuqOA==}
    dependencies:
      base64-js: 1.5.1
      ieee754: 1.2.1
    dev: false

  /cacheable-lookup/7.0.0:
    resolution: {integrity: sha512-+qJyx4xiKra8mZrcwhjMRMUhD5NR1R8esPkzIYxX96JiecFoxAXFuz/GpR3+ev4PE1WamHip78wV0vcmPQtp8w==}
    engines: {node: '>=14.16'}
    dev: false

  /cacheable-request/10.2.2:
    resolution: {integrity: sha512-KxjQZM3UIo7/J6W4sLpwFvu1GB3Whv8NtZ8ZrUL284eiQjiXeeqWTdhixNrp/NLZ/JNuFBo6BD4ZaO8ZJ5BN8Q==}
    engines: {node: '>=14.16'}
    dependencies:
      '@types/http-cache-semantics': 4.0.1
      get-stream: 6.0.1
      http-cache-semantics: 4.1.0
      keyv: 4.5.0
      mimic-response: 4.0.0
      normalize-url: 7.2.0
      responselike: 3.0.0
    dev: false

  /chokidar/3.5.3:
    resolution: {integrity: sha512-Dr3sfKRP6oTcjf2JmUmFJfeVMvXBdegxB0iVQ5eb2V10uFJUCAS8OByZdVAyVb8xXNz3GjjTgj9kLWsZTqE6kw==}
    engines: {node: '>= 8.10.0'}
    dependencies:
      anymatch: 3.1.2
      braces: 3.0.2
      glob-parent: 5.1.2
      is-binary-path: 2.1.0
      is-glob: 4.0.3
      normalize-path: 3.0.0
      readdirp: 3.6.0
    optionalDependencies:
      fsevents: 2.3.2
    dev: true

  /concat-map/0.0.1:
    resolution: {integrity: sha512-/Srv4dswyQNBfohGpz9o6Yb3Gz3SrUDqBH5rTuhGR7ahtlbYKnVxw2bCFMRljaA7EXHaXZ8wsHdodFvbkhKmqg==}
    dev: false

  /cookie/0.5.0:
    resolution: {integrity: sha512-YZ3GUyn/o8gfKJlnlX7g7xq4gyO6OSuhGPKaaGssGB2qgDUS0gPgtTvoyZLTt9Ab6dC4hfc9dV5arkvc/OCmrw==}
    engines: {node: '>= 0.6'}
    dev: false

  /csstype/2.6.21:
    resolution: {integrity: sha512-Z1PhmomIfypOpoMjRQB70jfvy/wxT50qW08YXO5lMIJkrdq4yOTR+AW7FqutScmB9NkLwxo+jU+kZLbofZZq/w==}

  /debug/4.3.4:
    resolution: {integrity: sha512-PRWFHuSU3eDtQJPvnNY7Jcket1j0t5OuOsFzPPzsekD52Zl8qUfFIPEiswXqIvHWGVHOgX+7G/vCNNhehwxfkQ==}
    engines: {node: '>=6.0'}
    peerDependencies:
      supports-color: '*'
    peerDependenciesMeta:
      supports-color:
        optional: true
    dependencies:
      ms: 2.1.2
    dev: false

  /decompress-response/6.0.0:
    resolution: {integrity: sha512-aW35yZM6Bb/4oJlZncMH2LCoZtJXTRxES17vE3hoRiowU2kWHaJKFkSBDnDR+cm9J+9QhXmREyIfv0pji9ejCQ==}
    engines: {node: '>=10'}
    dependencies:
      mimic-response: 3.1.0
    dev: false

  /defer-to-connect/2.0.1:
    resolution: {integrity: sha512-4tvttepXG1VaYGrRibk5EwJd1t4udunSOVMdLSAL6mId1ix438oPwPZMALY41FCijukO1L0twNcGsdzS7dHgDg==}
    engines: {node: '>=10'}
    dev: false

  /detect-node/2.1.0:
    resolution: {integrity: sha512-T0NIuQpnTvFDATNuHN5roPwSBG83rFsuO+MXXH9/3N1eFbn4wcPjttvjMLEPWJ0RGUYgQE7cGgS3tNxbqCGM7g==}
    dev: false

  /esbuild-android-64/0.15.12:
    resolution: {integrity: sha512-MJKXwvPY9g0rGps0+U65HlTsM1wUs9lbjt5CU19RESqycGFDRijMDQsh68MtbzkqWSRdEtiKS1mtPzKneaAI0Q==}
    engines: {node: '>=12'}
    cpu: [x64]
    os: [android]
    requiresBuild: true
    dev: true
    optional: true

  /esbuild-android-arm64/0.15.12:
    resolution: {integrity: sha512-Hc9SEcZbIMhhLcvhr1DH+lrrec9SFTiRzfJ7EGSBZiiw994gfkVV6vG0sLWqQQ6DD7V4+OggB+Hn0IRUdDUqvA==}
    engines: {node: '>=12'}
    cpu: [arm64]
    os: [android]
    requiresBuild: true
    dev: true
    optional: true

  /esbuild-darwin-64/0.15.12:
    resolution: {integrity: sha512-qkmqrTVYPFiePt5qFjP8w/S+GIUMbt6k8qmiPraECUWfPptaPJUGkCKrWEfYFRWB7bY23FV95rhvPyh/KARP8Q==}
    engines: {node: '>=12'}
    cpu: [x64]
    os: [darwin]
    requiresBuild: true
    dev: true
    optional: true

  /esbuild-darwin-arm64/0.15.12:
    resolution: {integrity: sha512-z4zPX02tQ41kcXMyN3c/GfZpIjKoI/BzHrdKUwhC/Ki5BAhWv59A9M8H+iqaRbwpzYrYidTybBwiZAIWCLJAkw==}
    engines: {node: '>=12'}
    cpu: [arm64]
    os: [darwin]
    requiresBuild: true
    dev: true
    optional: true

  /esbuild-freebsd-64/0.15.12:
    resolution: {integrity: sha512-XFL7gKMCKXLDiAiBjhLG0XECliXaRLTZh6hsyzqUqPUf/PY4C6EJDTKIeqqPKXaVJ8+fzNek88285krSz1QECw==}
    engines: {node: '>=12'}
    cpu: [x64]
    os: [freebsd]
    requiresBuild: true
    dev: true
    optional: true

  /esbuild-freebsd-arm64/0.15.12:
    resolution: {integrity: sha512-jwEIu5UCUk6TjiG1X+KQnCGISI+ILnXzIzt9yDVrhjug2fkYzlLbl0K43q96Q3KB66v6N1UFF0r5Ks4Xo7i72g==}
    engines: {node: '>=12'}
    cpu: [arm64]
    os: [freebsd]
    requiresBuild: true
    dev: true
    optional: true

  /esbuild-linux-32/0.15.12:
    resolution: {integrity: sha512-uSQuSEyF1kVzGzuIr4XM+v7TPKxHjBnLcwv2yPyCz8riV8VUCnO/C4BF3w5dHiVpCd5Z1cebBtZJNlC4anWpwA==}
    engines: {node: '>=12'}
    cpu: [ia32]
    os: [linux]
    requiresBuild: true
    dev: true
    optional: true

  /esbuild-linux-64/0.15.12:
    resolution: {integrity: sha512-QcgCKb7zfJxqT9o5z9ZUeGH1k8N6iX1Y7VNsEi5F9+HzN1OIx7ESxtQXDN9jbeUSPiRH1n9cw6gFT3H4qbdvcA==}
    engines: {node: '>=12'}
    cpu: [x64]
    os: [linux]
    requiresBuild: true
    dev: true
    optional: true

  /esbuild-linux-arm/0.15.12:
    resolution: {integrity: sha512-Wf7T0aNylGcLu7hBnzMvsTfEXdEdJY/hY3u36Vla21aY66xR0MS5I1Hw8nVquXjTN0A6fk/vnr32tkC/C2lb0A==}
    engines: {node: '>=12'}
    cpu: [arm]
    os: [linux]
    requiresBuild: true
    dev: true
    optional: true

  /esbuild-linux-arm64/0.15.12:
    resolution: {integrity: sha512-HtNq5xm8fUpZKwWKS2/YGwSfTF+339L4aIA8yphNKYJckd5hVdhfdl6GM2P3HwLSCORS++++7++//ApEwXEuAQ==}
    engines: {node: '>=12'}
    cpu: [arm64]
    os: [linux]
    requiresBuild: true
    dev: true
    optional: true

  /esbuild-linux-mips64le/0.15.12:
    resolution: {integrity: sha512-Qol3+AvivngUZkTVFgLpb0H6DT+N5/zM3V1YgTkryPYFeUvuT5JFNDR3ZiS6LxhyF8EE+fiNtzwlPqMDqVcc6A==}
    engines: {node: '>=12'}
    cpu: [mips64el]
    os: [linux]
    requiresBuild: true
    dev: true
    optional: true

  /esbuild-linux-ppc64le/0.15.12:
    resolution: {integrity: sha512-4D8qUCo+CFKaR0cGXtGyVsOI7w7k93Qxb3KFXWr75An0DHamYzq8lt7TNZKoOq/Gh8c40/aKaxvcZnTgQ0TJNg==}
    engines: {node: '>=12'}
    cpu: [ppc64]
    os: [linux]
    requiresBuild: true
    dev: true
    optional: true

  /esbuild-linux-riscv64/0.15.12:
    resolution: {integrity: sha512-G9w6NcuuCI6TUUxe6ka0enjZHDnSVK8bO+1qDhMOCtl7Tr78CcZilJj8SGLN00zO5iIlwNRZKHjdMpfFgNn1VA==}
    engines: {node: '>=12'}
    cpu: [riscv64]
    os: [linux]
    requiresBuild: true
    dev: true
    optional: true

  /esbuild-linux-s390x/0.15.12:
    resolution: {integrity: sha512-Lt6BDnuXbXeqSlVuuUM5z18GkJAZf3ERskGZbAWjrQoi9xbEIsj/hEzVnSAFLtkfLuy2DE4RwTcX02tZFunXww==}
    engines: {node: '>=12'}
    cpu: [s390x]
    os: [linux]
    requiresBuild: true
    dev: true
    optional: true

  /esbuild-netbsd-64/0.15.12:
    resolution: {integrity: sha512-jlUxCiHO1dsqoURZDQts+HK100o0hXfi4t54MNRMCAqKGAV33JCVvMplLAa2FwviSojT/5ZG5HUfG3gstwAG8w==}
    engines: {node: '>=12'}
    cpu: [x64]
    os: [netbsd]
    requiresBuild: true
    dev: true
    optional: true

  /esbuild-openbsd-64/0.15.12:
    resolution: {integrity: sha512-1o1uAfRTMIWNOmpf8v7iudND0L6zRBYSH45sofCZywrcf7NcZA+c7aFsS1YryU+yN7aRppTqdUK1PgbZVaB1Dw==}
    engines: {node: '>=12'}
    cpu: [x64]
    os: [openbsd]
    requiresBuild: true
    dev: true
    optional: true

  /esbuild-sunos-64/0.15.12:
    resolution: {integrity: sha512-nkl251DpoWoBO9Eq9aFdoIt2yYmp4I3kvQjba3jFKlMXuqQ9A4q+JaqdkCouG3DHgAGnzshzaGu6xofGcXyPXg==}
    engines: {node: '>=12'}
    cpu: [x64]
    os: [sunos]
    requiresBuild: true
    dev: true
    optional: true

  /esbuild-windows-32/0.15.12:
    resolution: {integrity: sha512-WlGeBZHgPC00O08luIp5B2SP4cNCp/PcS+3Pcg31kdcJPopHxLkdCXtadLU9J82LCfw4TVls21A6lilQ9mzHrw==}
    engines: {node: '>=12'}
    cpu: [ia32]
    os: [win32]
    requiresBuild: true
    dev: true
    optional: true

  /esbuild-windows-64/0.15.12:
    resolution: {integrity: sha512-VActO3WnWZSN//xjSfbiGOSyC+wkZtI8I4KlgrTo5oHJM6z3MZZBCuFaZHd8hzf/W9KPhF0lY8OqlmWC9HO5AA==}
    engines: {node: '>=12'}
    cpu: [x64]
    os: [win32]
    requiresBuild: true
    dev: true
    optional: true

  /esbuild-windows-arm64/0.15.12:
    resolution: {integrity: sha512-Of3MIacva1OK/m4zCNIvBfz8VVROBmQT+gRX6pFTLPngFYcj6TFH/12VveAqq1k9VB2l28EoVMNMUCcmsfwyuA==}
    engines: {node: '>=12'}
    cpu: [arm64]
    os: [win32]
    requiresBuild: true
    dev: true
    optional: true

  /esbuild/0.15.12:
    resolution: {integrity: sha512-PcT+/wyDqJQsRVhaE9uX/Oq4XLrFh0ce/bs2TJh4CSaw9xuvI+xFrH2nAYOADbhQjUgAhNWC5LKoUsakm4dxng==}
    engines: {node: '>=12'}
    hasBin: true
    requiresBuild: true
    optionalDependencies:
      '@esbuild/android-arm': 0.15.12
      '@esbuild/linux-loong64': 0.15.12
      esbuild-android-64: 0.15.12
      esbuild-android-arm64: 0.15.12
      esbuild-darwin-64: 0.15.12
      esbuild-darwin-arm64: 0.15.12
      esbuild-freebsd-64: 0.15.12
      esbuild-freebsd-arm64: 0.15.12
      esbuild-linux-32: 0.15.12
      esbuild-linux-64: 0.15.12
      esbuild-linux-arm: 0.15.12
      esbuild-linux-arm64: 0.15.12
      esbuild-linux-mips64le: 0.15.12
      esbuild-linux-ppc64le: 0.15.12
      esbuild-linux-riscv64: 0.15.12
      esbuild-linux-s390x: 0.15.12
      esbuild-netbsd-64: 0.15.12
      esbuild-openbsd-64: 0.15.12
      esbuild-sunos-64: 0.15.12
      esbuild-windows-32: 0.15.12
      esbuild-windows-64: 0.15.12
      esbuild-windows-arm64: 0.15.12
    dev: true

  /estree-walker/2.0.2:
    resolution: {integrity: sha512-Rfkk/Mp/DL7JVje3u18FxFujQlTNR2q6QfMSMB7AvCBx91NGj/ba3kCfza0f6dVDbw7YlRf/nDrn7pQrCCyQ/w==}

  /event-target-shim/5.0.1:
    resolution: {integrity: sha512-i/2XbnSz/uxRCU6+NdVJgKWDTM427+MqYbkQzD321DuCQJUqOuJKIA0IM2+W2xtYHdKOmZ4dR6fExsd4SXL+WQ==}
    engines: {node: '>=6'}
    dev: false

  /events/3.3.0:
    resolution: {integrity: sha512-mQw+2fkQbALzQ7V0MY0IqdnXNOeTtP4r0lN9z7AAawCXgqea7bDii20AYrIBrFd/Hx0M2Ocz6S111CaFkUcb0Q==}
    engines: {node: '>=0.8.x'}
    dev: false

  /fast-decode-uri-component/1.0.1:
    resolution: {integrity: sha512-WKgKWg5eUxvRZGwW8FvfbaH7AXSh2cL+3j5fMGzUMCxWBJ3dV3a7Wz8y2f/uQ0e3B6WmodD3oS54jTQ9HVTIIg==}
    dev: false

  /fast-deep-equal/3.1.3:
    resolution: {integrity: sha512-f3qQ9oQy9j2AhBe/H9VC91wLmKBCCU/gDOnKNAYG5hswO7BLKj09Hc5HYNz9cGI++xlpDCIgDaitVs03ATR84Q==}
    dev: false

  /fast-json-stringify/5.4.0:
    resolution: {integrity: sha512-PIzon53oX/zEGLrGbu4DpfNcYiV4K4rk+JsVrawRPO/G8cNBEMZ3KlIk2BCGqN+m1KCCA4zt5E7Hh3GG9ojRVA==}
    dependencies:
      '@fastify/deepmerge': 1.1.0
      ajv: 8.11.0
      ajv-formats: 2.1.1
      fast-deep-equal: 3.1.3
      fast-uri: 2.1.0
      rfdc: 1.3.0
    dev: false

  /fast-querystring/1.0.0:
    resolution: {integrity: sha512-3LQi62IhQoDlmt4ULCYmh17vRO2EtS7hTSsG4WwoKWgV7GLMKBOecEh+aiavASnLx8I2y89OD33AGLo0ccRhzA==}
    dependencies:
      fast-decode-uri-component: 1.0.1
    dev: false

  /fast-redact/3.1.2:
    resolution: {integrity: sha512-+0em+Iya9fKGfEQGcd62Yv6onjBmmhV1uh86XVfOU8VwAe6kaFdQCWI9s0/Nnugx5Vd9tdbZ7e6gE2tR9dzXdw==}
    engines: {node: '>=6'}
    dev: false

  /fast-uri/2.1.0:
    resolution: {integrity: sha512-qKRta6N7BWEFVlyonVY/V+BMLgFqktCUV0QjT259ekAIlbVrMaFnFLxJ4s/JPl4tou56S1BzPufI60bLe29fHA==}
    dev: false

  /fastify-plugin/4.3.0:
    resolution: {integrity: sha512-M3+i368lV0OYTJ5TfClIoPKEKSOF7112iiPdwgfSR0gN98BjA1Nk+c6oBHtfcVt9KiMxl+EQKHC1QNWo3ZOpYQ==}
    dev: false

  /fastify/4.9.2:
    resolution: {integrity: sha512-Mk3hv7ZRet2huMYN6IJ8RGy1TAAC7LJsCEjxLf808zafAADNu43xRzbl7FSEIBxKyhntTM0F626Oc34LUNcUxQ==}
    dependencies:
      '@fastify/ajv-compiler': 3.3.1
      '@fastify/error': 3.0.0
      '@fastify/fast-json-stringify-compiler': 4.1.0
      abstract-logging: 2.0.1
      avvio: 8.2.0
      find-my-way: 7.3.1
      light-my-request: 5.6.1
      pino: 8.7.0
      process-warning: 2.0.0
      proxy-addr: 2.0.7
      rfdc: 1.3.0
      secure-json-parse: 2.5.0
      semver: 7.3.8
      tiny-lru: 9.0.3
    transitivePeerDependencies:
      - supports-color
    dev: false

  /fastq/1.13.0:
    resolution: {integrity: sha512-YpkpUnK8od0o1hmeSc7UUs/eB/vIPWJYjKck2QKIzAf71Vm1AAQ3EbuZB3g2JIy+pg+ERD0vqI79KyZiB2e2Nw==}
    dependencies:
      reusify: 1.0.4
    dev: false

  /fill-range/7.0.1:
    resolution: {integrity: sha512-qOo9F+dMUmC2Lcb4BbVvnKJxTPjCm+RRpe4gDuGrzkL7mEVl/djYSu2OdQ2Pa302N4oqkSg9ir6jaLWJ2USVpQ==}
    engines: {node: '>=8'}
    dependencies:
      to-regex-range: 5.0.1
    dev: true

  /find-my-way/7.3.1:
    resolution: {integrity: sha512-kGvM08SOkqvheLcuQ8GW9t/H901Qb9rZEbcNWbXopzy4jDRoaJpJoObPSKf4MnQLZ20ZTp7rL5MpF6rf+pqmyg==}
    engines: {node: '>=14'}
    dependencies:
      fast-deep-equal: 3.1.3
      fast-querystring: 1.0.0
      safe-regex2: 2.0.0
    dev: false

  /form-data-encoder/2.1.3:
    resolution: {integrity: sha512-KqU0nnPMgIJcCOFTNJFEA8epcseEaoox4XZffTgy8jlI6pL/5EFyR54NRG7CnCJN0biY7q52DO3MH6/sJ/TKlQ==}
    engines: {node: '>= 14.17'}
    dev: false

  /forwarded/0.2.0:
    resolution: {integrity: sha512-buRG0fpBtRHSTCOASe6hD258tEubFoRLb4ZNA6NxMVHNw2gOcwHo9wyablzMzOA5z9xA9L1KNjk/Nt6MT9aYow==}
    engines: {node: '>= 0.6'}
    dev: false

  /fs.realpath/1.0.0:
    resolution: {integrity: sha512-OO0pH2lK6a0hZnAdau5ItzHPI6pUlvI7jMVnxUQRtw4owF2wk8lOSabtGDCTP4Ggrg2MbGnWO9X8K1t4+fGMDw==}
    dev: false

  /fsevents/2.3.2:
    resolution: {integrity: sha512-xiqMQR4xAeHTuB9uWm+fFRcIOgKBMiOBP+eXiyT7jsgVCq1bkVygt00oASowB7EdtpOHaaPgKt812P9ab+DDKA==}
    engines: {node: ^8.16.0 || ^10.6.0 || >=11.0.0}
    os: [darwin]
    requiresBuild: true
    dev: true
    optional: true

  /function-bind/1.1.1:
    resolution: {integrity: sha512-yIovAzMX49sF8Yl58fSCWJ5svSLuaibPxXQJFLmBObTuCr0Mf1KiPopGM9NiFjiYBCbfaa2Fh6breQ6ANVTI0A==}
    dev: true

  /get-stream/6.0.1:
    resolution: {integrity: sha512-ts6Wi+2j3jQjqi70w5AlN8DFnkSwC+MqmxEzdEALB2qXZYV3X/b1CTfgPLGJNMeAWxdPfU8FO1ms3NUfaHCPYg==}
    engines: {node: '>=10'}
    dev: false

  /glob-parent/5.1.2:
    resolution: {integrity: sha512-AOIgSQCepiJYwP3ARnGx+5VnTu2HBYdzbGP45eLw1vr3zB3vZLeyed1sC9hnbcOc9/SrMyM5RPQrkGz4aS9Zow==}
    engines: {node: '>= 6'}
    dependencies:
      is-glob: 4.0.3
    dev: true

  /glob/7.2.3:
    resolution: {integrity: sha512-nFR0zLpU2YCaRxwoCJvL6UvCH2JFyFVIvwTLsIf21AuHlMskA1hhTdk+LlYJtOlYt9v6dvszD2BGRqBL+iQK9Q==}
    dependencies:
      fs.realpath: 1.0.0
      inflight: 1.0.6
      inherits: 2.0.4
      minimatch: 3.1.2
      once: 1.4.0
      path-is-absolute: 1.0.1
    dev: false

  /got/12.5.2:
    resolution: {integrity: sha512-guHGMSEcsA5m1oPRweXUJnug0vuvlkX9wx5hzOka+ZBrBUOJHU0Z1JcNu3QE5IPGnA5aXUsQHdWOD4eJg9/v3A==}
    engines: {node: '>=14.16'}
    dependencies:
      '@sindresorhus/is': 5.3.0
      '@szmarczak/http-timer': 5.0.1
      cacheable-lookup: 7.0.0
      cacheable-request: 10.2.2
      decompress-response: 6.0.0
      form-data-encoder: 2.1.3
      get-stream: 6.0.1
      http2-wrapper: 2.1.11
      lowercase-keys: 3.0.0
      p-cancelable: 3.0.0
      responselike: 3.0.0
    dev: false

  /has/1.0.3:
    resolution: {integrity: sha512-f2dvO0VU6Oej7RkWJGrehjbzMAjFp5/VKPp5tTpWIV4JHHZK1/BxbFRtf/siA2SWTe09caDmVtYYzWEIbBS4zw==}
    engines: {node: '>= 0.4.0'}
    dependencies:
      function-bind: 1.1.1
    dev: true

  /http-cache-semantics/4.1.0:
    resolution: {integrity: sha512-carPklcUh7ROWRK7Cv27RPtdhYhUsela/ue5/jKzjegVvXDqM2ILE9Q2BGn9JZJh1g87cp56su/FgQSzcWS8cQ==}
    dev: false

  /http2-wrapper/2.1.11:
    resolution: {integrity: sha512-aNAk5JzLturWEUiuhAN73Jcbq96R7rTitAoXV54FYMatvihnpD2+6PUgU4ce3D/m5VDbw+F5CsyKSF176ptitQ==}
    engines: {node: '>=10.19.0'}
    dependencies:
      quick-lru: 5.1.1
      resolve-alpn: 1.2.1
    dev: false

  /ieee754/1.2.1:
    resolution: {integrity: sha512-dcyqhDvX1C46lXZcVqCpK+FtMRQVdIMN6/Df5js2zouUsqG7I6sFxitIC+7KYK29KdXOLHdu9zL4sFnoVQnqaA==}
    dev: false

  /immutable/4.1.0:
    resolution: {integrity: sha512-oNkuqVTA8jqG1Q6c+UglTOD1xhC1BtjKI7XkCXRkZHrN5m18/XsnUp8Q89GkQO/z+0WjonSvl0FLhDYftp46nQ==}
    dev: true

  /inflight/1.0.6:
    resolution: {integrity: sha512-k92I/b08q4wvFscXCLvqfsHCrjrF7yiXsQuIVvVE7N82W3+aqpzuUdBbfhWcy/FZR3/4IgflMgKLOsvPDrGCJA==}
    dependencies:
      once: 1.4.0
      wrappy: 1.0.2
    dev: false

  /inherits/2.0.4:
    resolution: {integrity: sha512-k/vGaX4/Yla3WzyMCvTQOXYeIHvqOKtnqBduzTHpzpQZzAskKMhZ2K+EnBiSM9zGSoIFeMpXKxa4dYeZIQqewQ==}
    dev: false

  /ipaddr.js/1.9.1:
    resolution: {integrity: sha512-0KI/607xoxSToH7GjN1FfSbLoU0+btTicjsQSWQlh/hZykN8KpmMf7uYwPW3R+akZ6R/w18ZlXSHBYXiYUPO3g==}
    engines: {node: '>= 0.10'}
    dev: false

  /is-binary-path/2.1.0:
    resolution: {integrity: sha512-ZMERYes6pDydyuGidse7OsHxtbI7WVeUEozgR/g7rd0xUimYNlvZRE/K2MgZTjWy725IfelLeVcEM97mmtRGXw==}
    engines: {node: '>=8'}
    dependencies:
      binary-extensions: 2.2.0
    dev: true

  /is-core-module/2.11.0:
    resolution: {integrity: sha512-RRjxlvLDkD1YJwDbroBHMb+cukurkDWNyHx7D3oNB5x9rb5ogcksMC5wHCadcXoo67gVr/+3GFySh3134zi6rw==}
    dependencies:
      has: 1.0.3
    dev: true

  /is-extglob/2.1.1:
    resolution: {integrity: sha512-SbKbANkN603Vi4jEZv49LeVJMn4yGwsbzZworEoyEiutsN3nJYdbO36zfhGJ6QEDpOZIFkDtnq5JRxmvl3jsoQ==}
    engines: {node: '>=0.10.0'}
    dev: true

  /is-glob/4.0.3:
    resolution: {integrity: sha512-xelSayHH36ZgE7ZWhli7pW34hNbNl8Ojv5KVmkJD4hBdD3th8Tfk9vYasLM+mXWOZhFkgZfxhLSnrwRr4elSSg==}
    engines: {node: '>=0.10.0'}
    dependencies:
      is-extglob: 2.1.1
    dev: true

  /is-number/7.0.0:
    resolution: {integrity: sha512-41Cifkg6e8TylSpdtTpeLVMqvSBEVzTttHvERD741+pnZ8ANv0004MRL43QKPDlK9cGvNp6NZWZUBlbGXYxxng==}
    engines: {node: '>=0.12.0'}
    dev: true

  /js-sha3/0.8.0:
    resolution: {integrity: sha512-gF1cRrHhIzNfToc802P800N8PpXS+evLLXfsVpowqmAFR9uwbi89WvXg2QspOmXL8QL86J4T1EpFu+yUkwJY3Q==}
    dev: false

  /json-buffer/3.0.1:
    resolution: {integrity: sha512-4bV5BfR2mqfQTJm+V5tPPdf+ZpuhiIvTuAB5g8kcrXOZpTT/QwwVRWBywX1ozr6lEuPdbHxwaJlm9G6mI2sfSQ==}
    dev: false

  /json-schema-traverse/1.0.0:
    resolution: {integrity: sha512-NM8/P9n3XjXhIZn1lLhkFaACTOURQXjWhV4BA/RnOv8xvgqtqpAX9IO4mRQxSx1Rlo4tqzeqb0sOlruaOy3dug==}
    dev: false

  /keyv/4.5.0:
    resolution: {integrity: sha512-2YvuMsA+jnFGtBareKqgANOEKe1mk3HKiXu2fRmAfyxG0MJAywNhi5ttWA3PMjl4NmpyjZNbFifR2vNjW1znfA==}
    dependencies:
      json-buffer: 3.0.1
    dev: false

  /light-my-request/5.6.1:
    resolution: {integrity: sha512-sbJnC1UBRivi9L1kICr3CESb82pNiPNB3TvtdIrZZqW0Qh8uDXvoywMmWKZlihDcmw952CMICCzM+54LDf+E+g==}
    dependencies:
      cookie: 0.5.0
      process-warning: 2.0.0
      set-cookie-parser: 2.5.1
    dev: false

  /lowercase-keys/3.0.0:
    resolution: {integrity: sha512-ozCC6gdQ+glXOQsveKD0YsDy8DSQFjDTz4zyzEHNV5+JP5D62LmfDZ6o1cycFx9ouG940M5dE8C8CTewdj2YWQ==}
    engines: {node: ^12.20.0 || ^14.13.1 || >=16.0.0}
    dev: false

  /lru-cache/6.0.0:
    resolution: {integrity: sha512-Jo6dJ04CmSjuznwJSS3pUeWmd/H0ffTlkXXgwZi+eq1UCmqQwCh+eLsYOYCwY991i2Fah4h1BEMCx4qThGbsiA==}
    engines: {node: '>=10'}
    dependencies:
      yallist: 4.0.0

  /magic-string/0.25.9:
    resolution: {integrity: sha512-RmF0AsMzgt25qzqqLc1+MbHmhdx0ojF2Fvs4XnOqz2ZOBXzzkEwc/dJQZCYHAn7v1jbVOjAZfK8msRn4BxO4VQ==}
    dependencies:
      sourcemap-codec: 1.4.8

  /match-sorter/6.3.1:
    resolution: {integrity: sha512-mxybbo3pPNuA+ZuCUhm5bwNkXrJTbsk5VWbR5wiwz/GC6LIiegBGn2w3O08UG/jdbYLinw51fSQ5xNU1U3MgBw==}
    dependencies:
      '@babel/runtime': 7.19.4
      remove-accents: 0.4.2
    dev: false

  /microseconds/0.2.0:
    resolution: {integrity: sha512-n7DHHMjR1avBbSpsTBj6fmMGh2AGrifVV4e+WYc3Q9lO+xnSZ3NyhcBND3vzzatt05LFhoKFRxrIyklmLlUtyA==}
    dev: false

  /mimic-response/3.1.0:
    resolution: {integrity: sha512-z0yWI+4FDrrweS8Zmt4Ej5HdJmky15+L2e6Wgn3+iK5fWzb6T3fhNFq2+MeTRb064c6Wr4N/wv0DzQTjNzHNGQ==}
    engines: {node: '>=10'}
    dev: false

  /mimic-response/4.0.0:
    resolution: {integrity: sha512-e5ISH9xMYU0DzrT+jl8q2ze9D6eWBto+I8CNpe+VI+K2J/F/k3PdkdTdz4wvGVH4NTpo+NRYTVIuMQEMMcsLqg==}
    engines: {node: ^12.20.0 || ^14.13.1 || >=16.0.0}
    dev: false

  /minimatch/3.1.2:
    resolution: {integrity: sha512-J7p63hRiAjw1NDEww1W7i37+ByIrOWO5XQQAzZ3VOcL0PNybwpfmV/N05zFAzwQ9USyEcX6t3UO+K5aqBQOIHw==}
    dependencies:
      brace-expansion: 1.1.11
    dev: false

  /mnemonist/0.39.2:
    resolution: {integrity: sha512-n3ZCEosuMH03DVivZ9N0fcXPWiZrBLEdfSlEJ+S/mJxmk3zuo1ur0dj9URDczFyP1VS3wfiyKzqLLDXoPJ6rPA==}
    dependencies:
      obliterator: 2.0.4
    dev: false

  /ms/2.1.2:
    resolution: {integrity: sha512-sGkPx+VjMtmA6MX27oA4FBFELFCZZ4S4XqeGOXCv68tT+jb3vk/RyaKWP0PTKyWtmLSM0b+adUTEvbs1PEaH2w==}
    dev: false

  /nano-time/1.0.0:
    resolution: {integrity: sha512-flnngywOoQ0lLQOTRNexn2gGSNuM9bKj9RZAWSzhQ+UJYaAFG9bac4DW9VHjUAzrOaIcajHybCTHe/bkvozQqA==}
    dependencies:
      big-integer: 1.6.51
    dev: false

  /nanoid/3.3.4:
    resolution: {integrity: sha512-MqBkQh/OHTS2egovRtLk45wEyNXwF+cokD+1YPf9u5VfJiRdAiRwB2froX5Co9Rh20xs4siNPm8naNotSD6RBw==}
    engines: {node: ^10 || ^12 || ^13.7 || ^14 || >=15.0.1}
    hasBin: true

  /normalize-path/3.0.0:
    resolution: {integrity: sha512-6eZs5Ls3WtCisHWp9S2GUy8dqkpGi4BVSz3GaqiE6ezub0512ESztXUwUB6C6IKbQkY2Pnb/mD4WYojCRwcwLA==}
    engines: {node: '>=0.10.0'}
    dev: true

  /normalize-url/7.2.0:
    resolution: {integrity: sha512-uhXOdZry0L6M2UIo9BTt7FdpBDiAGN/7oItedQwPKh8jh31ZlvC8U9Xl/EJ3aijDHaywXTW3QbZ6LuCocur1YA==}
    engines: {node: '>=12.20'}
    dev: false

  /obliterator/2.0.4:
    resolution: {integrity: sha512-lgHwxlxV1qIg1Eap7LgIeoBWIMFibOjbrYPIPJZcI1mmGAI2m3lNYpK12Y+GBdPQ0U1hRwSord7GIaawz962qQ==}
    dev: false

  /oblivious-set/1.0.0:
    resolution: {integrity: sha512-z+pI07qxo4c2CulUHCDf9lcqDlMSo72N/4rLUpRXf6fu+q8vjt8y0xS+Tlf8NTJDdTXHbdeO1n3MlbctwEoXZw==}
    dev: false

  /on-exit-leak-free/2.1.0:
    resolution: {integrity: sha512-VuCaZZAjReZ3vUwgOB8LxAosIurDiAW0s13rI1YwmaP++jvcxP77AWoQvenZebpCA2m8WC1/EosPYPMjnRAp/w==}
    dev: false

  /once/1.4.0:
    resolution: {integrity: sha512-lNaJgI+2Q5URQBkccEKHTQOPaXdUxnZZElQTZY0MFUAuaEqe1E+Nyvgdz/aIyNi6Z9MzO5dv1H8n58/GELp3+w==}
    dependencies:
      wrappy: 1.0.2
    dev: false

  /p-cancelable/3.0.0:
    resolution: {integrity: sha512-mlVgR3PGuzlo0MmTdk4cXqXWlwQDLnONTAg6sm62XkMJEiRxN3GL3SffkYvqwonbkJBcrI7Uvv5Zh9yjvn2iUw==}
    engines: {node: '>=12.20'}
    dev: false

  /path-is-absolute/1.0.1:
    resolution: {integrity: sha512-AVbw3UJ2e9bq64vSaS9Am0fje1Pa8pbGqTTsmXfaIiMpnr5DlDhfJOuLj9Sf95ZPVDAUerDfEk88MPmPe7UCQg==}
    engines: {node: '>=0.10.0'}
    dev: false

  /path-parse/1.0.7:
    resolution: {integrity: sha512-LDJzPVEEEPR+y48z93A0Ed0yXb8pAByGWo/k5YYdYgpY2/2EsOsksJrq7lOHxryrVOn1ejG6oAp8ahvOIQD8sw==}
    dev: true

  /picocolors/1.0.0:
    resolution: {integrity: sha512-1fygroTLlHu66zi26VoTDv8yRgm0Fccecssto+MhsZ0D/DGW2sm8E8AjW7NU5VVTRt5GxbeZ5qBuJr+HyLYkjQ==}

  /picomatch/2.3.1:
    resolution: {integrity: sha512-JU3teHTNjmE2VCGFzuY8EXzCDVwEqB2a8fsIvwaStHhAWJEeVd1o1QD80CU6+ZdEXXSLbSsuLwJjkCBWqRQUVA==}
    engines: {node: '>=8.6'}
    dev: true

  /pinia/2.0.23_l7r24p6nevbtlimqmqcwa3ouhu:
    resolution: {integrity: sha512-N15hFf4o5STrxpNrib1IEb1GOArvPYf1zPvQVRGOO1G1d74Ak0J0lVyalX/SmrzdT4Q0nlEFjbURsmBmIGUR5Q==}
    peerDependencies:
      '@vue/composition-api': ^1.4.0
      typescript: '>=4.4.4'
      vue: ^2.6.14 || ^3.2.0
    peerDependenciesMeta:
      '@vue/composition-api':
        optional: true
      typescript:
        optional: true
    dependencies:
      '@vue/devtools-api': 6.4.5
      typescript: 4.8.4
      vue: 3.2.41
      vue-demi: 0.10.1_vue@3.2.41
    dev: true

  /pino-abstract-transport/1.0.0:
    resolution: {integrity: sha512-c7vo5OpW4wIS42hUVcT5REsL8ZljsUfBjqV/e2sFxmFEFZiq1XLUp5EYLtuDH6PEHq9W1egWqRbnLUP5FuZmOA==}
    dependencies:
      readable-stream: 4.2.0
      split2: 4.1.0
    dev: false

  /pino-std-serializers/6.0.0:
    resolution: {integrity: sha512-mMMOwSKrmyl+Y12Ri2xhH1lbzQxwwpuru9VjyJpgFIH4asSj88F2csdMwN6+M5g1Ll4rmsYghHLQJw81tgZ7LQ==}
    dev: false

  /pino/8.7.0:
    resolution: {integrity: sha512-l9sA5uPxmZzwydhMWUcm1gI0YxNnYl8MfSr2h8cwLvOAzQLBLewzF247h/vqHe3/tt6fgtXeG9wdjjoetdI/vA==}
    hasBin: true
    dependencies:
      atomic-sleep: 1.0.0
      fast-redact: 3.1.2
      on-exit-leak-free: 2.1.0
      pino-abstract-transport: 1.0.0
      pino-std-serializers: 6.0.0
      process-warning: 2.0.0
      quick-format-unescaped: 4.0.4
      real-require: 0.2.0
      safe-stable-stringify: 2.4.1
      sonic-boom: 3.2.0
      thread-stream: 2.2.0
    dev: false

  /postcss/8.4.18:
    resolution: {integrity: sha512-Wi8mWhncLJm11GATDaQKobXSNEYGUHeQLiQqDFG1qQ5UTDPTEvKw0Xt5NsTpktGTwLps3ByrWsBrG0rB8YQ9oA==}
    engines: {node: ^10 || ^12 || >=14}
    dependencies:
      nanoid: 3.3.4
      picocolors: 1.0.0
      source-map-js: 1.0.2

  /prettier/2.7.1:
    resolution: {integrity: sha512-ujppO+MkdPqoVINuDFDRLClm7D78qbDt0/NR+wp5FqEZOoTNAjPHWj17QRhu7geIHJfcNhRk1XVQmF8Bp3ye+g==}
    engines: {node: '>=10.13.0'}
    hasBin: true
    dev: true

  /process-warning/2.0.0:
    resolution: {integrity: sha512-+MmoAXoUX+VTHAlwns0h+kFUWFs/3FZy+ZuchkgjyOu3oioLAo2LB5aCfKPh2+P9O18i3m43tUEv3YqttSy0Ww==}
    dev: false

  /process/0.11.10:
    resolution: {integrity: sha512-cdGef/drWFoydD1JsMzuFf8100nZl+GT+yacc2bEced5f9Rjk4z+WtFUTBu9PhOi9j/jfmBPu0mMEY4wIdAF8A==}
    engines: {node: '>= 0.6.0'}
    dev: false

  /proxy-addr/2.0.7:
    resolution: {integrity: sha512-llQsMLSUDUPT44jdrU/O37qlnifitDP+ZwrmmZcoSKyLKvtZxpyV0n2/bD/N4tBAAZ/gJEdZU7KMraoK1+XYAg==}
    engines: {node: '>= 0.10'}
    dependencies:
      forwarded: 0.2.0
      ipaddr.js: 1.9.1
    dev: false

  /punycode/2.1.1:
    resolution: {integrity: sha512-XRsRjdf+j5ml+y/6GKHPZbrF/8p2Yga0JPtdqTIY2Xe5ohJPD9saDJJLPvp9+NSBprVvevdXZybnj2cv8OEd0A==}
    engines: {node: '>=6'}
    dev: false

  /quick-format-unescaped/4.0.4:
    resolution: {integrity: sha512-tYC1Q1hgyRuHgloV/YXs2w15unPVh8qfu/qCTfhTYamaw7fyhumKa2yGpdSo87vY32rIclj+4fWYQXUMs9EHvg==}
    dev: false

  /quick-lru/5.1.1:
    resolution: {integrity: sha512-WuyALRjWPDGtt/wzJiadO5AXY+8hZ80hVpe6MyivgraREW751X3SbhRvG3eLKOYN+8VEvqLcf3wdnt44Z4S4SA==}
    engines: {node: '>=10'}
    dev: false

  /react-query/3.39.2:
    resolution: {integrity: sha512-F6hYDKyNgDQfQOuR1Rsp3VRzJnWHx6aRnnIZHMNGGgbL3SBgpZTDg8MQwmxOgpCAoqZJA+JSNCydF1xGJqKOCA==}
    peerDependencies:
      react: ^16.8.0 || ^17.0.0 || ^18.0.0
      react-dom: '*'
      react-native: '*'
    peerDependenciesMeta:
      react-dom:
        optional: true
      react-native:
        optional: true
    dependencies:
      '@babel/runtime': 7.19.4
      broadcast-channel: 3.7.0
      match-sorter: 6.3.1
    dev: false

  /readable-stream/4.2.0:
    resolution: {integrity: sha512-gJrBHsaI3lgBoGMW/jHZsQ/o/TIWiu5ENCJG1BB7fuCKzpFM8GaS2UoBVt9NO+oI+3FcrBNbUkl3ilDe09aY4A==}
    engines: {node: ^12.22.0 || ^14.17.0 || >=16.0.0}
    dependencies:
      abort-controller: 3.0.0
      buffer: 6.0.3
      events: 3.3.0
      process: 0.11.10
    dev: false

  /readdirp/3.6.0:
    resolution: {integrity: sha512-hOS089on8RduqdbhvQ5Z37A0ESjsqz6qnRcffsMU3495FuTdqSm+7bhJ29JvIOsBDEEnan5DPu9t3To9VRlMzA==}
    engines: {node: '>=8.10.0'}
    dependencies:
      picomatch: 2.3.1
    dev: true

  /real-require/0.2.0:
    resolution: {integrity: sha512-57frrGM/OCTLqLOAh0mhVA9VBMHd+9U7Zb2THMGdBUoZVOtGbJzjxsYGDJ3A9AYYCP4hn6y1TVbaOfzWtm5GFg==}
    engines: {node: '>= 12.13.0'}
    dev: false

  /regenerator-runtime/0.13.10:
    resolution: {integrity: sha512-KepLsg4dU12hryUO7bp/axHAKvwGOCV0sGloQtpagJ12ai+ojVDqkeGSiRX1zlq+kjIMZ1t7gpze+26QqtdGqw==}
    dev: false

  /remove-accents/0.4.2:
    resolution: {integrity: sha512-7pXIJqJOq5tFgG1A2Zxti3Ht8jJF337m4sowbuHsW30ZnkQFnDzy9qBNhgzX8ZLW4+UBcXiiR7SwR6pokHsxiA==}
    dev: false

  /require-from-string/2.0.2:
    resolution: {integrity: sha512-Xf0nWe6RseziFMu+Ap9biiUbmplq6S9/p+7w7YXP/JBHhrUDDUhwa+vANyubuqfZWTveU//DYVGsDG7RKL/vEw==}
    engines: {node: '>=0.10.0'}
    dev: false

  /resolve-alpn/1.2.1:
    resolution: {integrity: sha512-0a1F4l73/ZFZOakJnQ3FvkJ2+gSTQWz/r2KE5OdDY0TxPm5h4GkqkWWfM47T7HsbnOtcJVEF4epCVy6u7Q3K+g==}
    dev: false

  /resolve/1.22.1:
    resolution: {integrity: sha512-nBpuuYuY5jFsli/JIs1oldw6fOQCBioohqWZg/2hiaOybXOft4lonv85uDOKXdf8rhyK159cxU5cDcK/NKk8zw==}
    hasBin: true
    dependencies:
      is-core-module: 2.11.0
      path-parse: 1.0.7
      supports-preserve-symlinks-flag: 1.0.0
    dev: true

  /responselike/3.0.0:
    resolution: {integrity: sha512-40yHxbNcl2+rzXvZuVkrYohathsSJlMTXKryG5y8uciHv1+xDLHQpgjG64JUO9nrEq2jGLH6IZ8BcZyw3wrweg==}
    engines: {node: '>=14.16'}
    dependencies:
      lowercase-keys: 3.0.0
    dev: false

  /ret/0.2.2:
    resolution: {integrity: sha512-M0b3YWQs7R3Z917WRQy1HHA7Ba7D8hvZg6UE5mLykJxQVE2ju0IXbGlaHPPlkY+WN7wFP+wUMXmBFA0aV6vYGQ==}
    engines: {node: '>=4'}
    dev: false

  /reusify/1.0.4:
    resolution: {integrity: sha512-U9nH88a3fc/ekCF1l0/UP1IosiuIjyTh7hBvXVMHYgVcfGvt897Xguj2UOLDeI5BG2m7/uwyaLVT6fbtCwTyzw==}
    engines: {iojs: '>=1.0.0', node: '>=0.10.0'}
    dev: false

  /rfdc/1.3.0:
    resolution: {integrity: sha512-V2hovdzFbOi77/WajaSMXk2OLm+xNIeQdMMuB7icj7bk6zi2F8GGAxigcnDFpJHbNyNcgyJDiP+8nOrY5cZGrA==}
    dev: false

  /rimraf/3.0.2:
    resolution: {integrity: sha512-JZkJMZkAGFFPP2YqXZXPbMlMBgsxzE8ILs4lMIX/2o0L9UBw9O/Y3o6wFw/i9YLapcUJWwqbi3kdxIPdC62TIA==}
    hasBin: true
    dependencies:
      glob: 7.2.3
    dev: false

  /rollup/2.78.1:
    resolution: {integrity: sha512-VeeCgtGi4P+o9hIg+xz4qQpRl6R401LWEXBmxYKOV4zlF82lyhgh2hTZnheFUbANE8l2A41F458iwj2vEYaXJg==}
    engines: {node: '>=10.0.0'}
    hasBin: true
    optionalDependencies:
      fsevents: 2.3.2
    dev: true

  /safe-regex2/2.0.0:
    resolution: {integrity: sha512-PaUSFsUaNNuKwkBijoAPHAK6/eM6VirvyPWlZ7BAQy4D+hCvh4B6lIG+nPdhbFfIbP+gTGBcrdsOaUs0F+ZBOQ==}
    dependencies:
      ret: 0.2.2
    dev: false

  /safe-stable-stringify/2.4.1:
    resolution: {integrity: sha512-dVHE6bMtS/bnL2mwualjc6IxEv1F+OCUpA46pKUj6F8uDbUM0jCCulPqRNPSnWwGNKx5etqMjZYdXtrm5KJZGA==}
    engines: {node: '>=10'}
    dev: false

  /sass/1.55.0:
    resolution: {integrity: sha512-Pk+PMy7OGLs9WaxZGJMn7S96dvlyVBwwtToX895WmCpAOr5YiJYEUJfiJidMuKb613z2xNWcXCHEuOvjZbqC6A==}
    engines: {node: '>=12.0.0'}
    hasBin: true
    dependencies:
      chokidar: 3.5.3
      immutable: 4.1.0
      source-map-js: 1.0.2
    dev: true

  /secure-json-parse/2.5.0:
    resolution: {integrity: sha512-ZQruFgZnIWH+WyO9t5rWt4ZEGqCKPwhiw+YbzTwpmT9elgLrLcfuyUiSnwwjUiVy9r4VM3urtbNF1xmEh9IL2w==}
    dev: false

  /semver/7.3.8:
    resolution: {integrity: sha512-NB1ctGL5rlHrPJtFDVIVzTyQylMLu9N9VICA6HSFJo8MCGVTMW6gfpicwKmmK/dAjTOrqu5l63JJOpDSrAis3A==}
    engines: {node: '>=10'}
    hasBin: true
    dependencies:
      lru-cache: 6.0.0

  /set-cookie-parser/2.5.1:
    resolution: {integrity: sha512-1jeBGaKNGdEq4FgIrORu/N570dwoPYio8lSoYLWmX7sQ//0JY08Xh9o5pBcgmHQ/MbsYp/aZnOe1s1lIsbLprQ==}
    dev: false

  /sonic-boom/3.2.0:
    resolution: {integrity: sha512-SbbZ+Kqj/XIunvIAgUZRlqd6CGQYq71tRRbXR92Za8J/R3Yh4Av+TWENiSiEgnlwckYLyP0YZQWVfyNC0dzLaA==}
    dependencies:
      atomic-sleep: 1.0.0
    dev: false

  /source-map-js/1.0.2:
    resolution: {integrity: sha512-R0XvVJ9WusLiqTCEiGCmICCMplcCkIwwR11mOSD9CR5u+IXYdiseeEuXCVAjS54zqwkLcPNnmU4OeJ6tUrWhDw==}
    engines: {node: '>=0.10.0'}

  /source-map/0.6.1:
    resolution: {integrity: sha512-UjgapumWlbMhkBgzT7Ykc5YXUT46F0iKu8SGXq0bcwP5dz/h0Plj6enJqjz1Zbq2l5WaqYnrVbwWOWMyF3F47g==}
    engines: {node: '>=0.10.0'}

  /sourcemap-codec/1.4.8:
    resolution: {integrity: sha512-9NykojV5Uih4lgo5So5dtw+f0JgJX30KCNI8gwhz2J9A15wD0Ml6tjHKwf6fTSa6fAdVBdZeNOs9eJ71qCk8vA==}

  /split2/4.1.0:
    resolution: {integrity: sha512-VBiJxFkxiXRlUIeyMQi8s4hgvKCSjtknJv/LVYbrgALPwf5zSKmEwV9Lst25AkvMDnvxODugjdl6KZgwKM1WYQ==}
    engines: {node: '>= 10.x'}
    dev: false

  /supports-preserve-symlinks-flag/1.0.0:
    resolution: {integrity: sha512-ot0WnXS9fgdkgIcePe6RHNk1WA8+muPa6cSjeR3V8K27q9BB1rTE3R1p7Hv0z1ZyAc8s6Vvv8DIyWf681MAt0w==}
    engines: {node: '>= 0.4'}
    dev: true

  /thread-stream/2.2.0:
    resolution: {integrity: sha512-rUkv4/fnb4rqy/gGy7VuqK6wE1+1DOCOWy4RMeaV69ZHMP11tQKZvZSip1yTgrKCMZzEMcCL/bKfHvSfDHx+iQ==}
    dependencies:
      real-require: 0.2.0
    dev: false

  /tiny-lru/9.0.3:
    resolution: {integrity: sha512-/i9GruRjXsnDgehxvy6iZ4AFNVxngEFbwzirhdulomMNPGPVV3ECMZOWSw0w4sRMZ9Al9m4jy08GPvRxRUGYlw==}
    engines: {node: '>=6'}
    dev: false

  /to-fast-properties/2.0.0:
    resolution: {integrity: sha512-/OaKK0xYrs3DmxRYqL/yDc+FxFUVYhDlXMhRmv3z915w2HF1tnN1omB354j8VUGO/hbRzyD6Y3sA7v7GS/ceog==}
    engines: {node: '>=4'}

  /to-regex-range/5.0.1:
    resolution: {integrity: sha512-65P7iz6X5yEr1cwcgvQxbbIw7Uk3gOy5dIdtZ4rDveLqhrdJP+Li/Hx6tyK0NEb+2GCyneCMJiGqrADCSNk8sQ==}
    engines: {node: '>=8.0'}
    dependencies:
      is-number: 7.0.0
    dev: true

  /typescript/4.8.4:
    resolution: {integrity: sha512-QCh+85mCy+h0IGff8r5XWzOVSbBO+KfeYrMQh7NJ58QujwcE22u+NUSmUxqF+un70P9GXKxa2HCNiTTMJknyjQ==}
    engines: {node: '>=4.2.0'}
    hasBin: true
    dev: true

  /unload/2.2.0:
    resolution: {integrity: sha512-B60uB5TNBLtN6/LsgAf3udH9saB5p7gqJwcFfbOEZ8BcBHnGwCf6G/TGiEqkRAxX7zAFIUtzdrXQSdL3Q/wqNA==}
    dependencies:
      '@babel/runtime': 7.19.4
      detect-node: 2.1.0
    dev: false

  /uri-js/4.4.1:
    resolution: {integrity: sha512-7rKUyy33Q1yc98pQ1DAmLtwX109F7TIfWlW1Ydo8Wl1ii1SeHieeh0HHfPeL2fMXK6z0s8ecKs9frCuLJvndBg==}
    dependencies:
      punycode: 2.1.1
    dev: false

  /vite/3.1.8_sass@1.55.0:
    resolution: {integrity: sha512-m7jJe3nufUbuOfotkntGFupinL/fmuTNuQmiVE7cH2IZMuf4UbfbGYMUT3jVWgGYuRVLY9j8NnrRqgw5rr5QTg==}
    engines: {node: ^14.18.0 || >=16.0.0}
    hasBin: true
    peerDependencies:
      less: '*'
      sass: '*'
      stylus: '*'
      terser: ^5.4.0
    peerDependenciesMeta:
      less:
        optional: true
      sass:
        optional: true
      stylus:
        optional: true
      terser:
        optional: true
    dependencies:
      esbuild: 0.15.12
      postcss: 8.4.18
      resolve: 1.22.1
      rollup: 2.78.1
      sass: 1.55.0
    optionalDependencies:
      fsevents: 2.3.2
    dev: true

  /vue-demi/0.10.1_vue@3.2.41:
    resolution: {integrity: sha512-L6Oi+BvmMv6YXvqv5rJNCFHEKSVu7llpWWJczqmAQYOdmPPw5PNYoz1KKS//Fxhi+4QP64dsPjtmvnYGo1jemA==}
    hasBin: true
    requiresBuild: true
    peerDependencies:
      '@vue/composition-api': ^1.0.0-rc.1
      vue: ^2.6.0 || >=3.0.0
    peerDependenciesMeta:
      '@vue/composition-api':
        optional: true
    dependencies:
      vue: 3.2.41

  /vue-query/1.26.0_vue@3.2.41:
    resolution: {integrity: sha512-78JbnLX/3tDll5kDr6PUasRWn05BeWm7yJNeUezA9INrn3AgTCLbsEctnlw6/wM6HiRqFj9F+mf+ruZusyiVOg==}
    peerDependencies:
      '@nuxtjs/composition-api': ^0.28.0
      '@vue/composition-api': ^1.1.2
      vue: ^2.0.0 || >=3.0.0
    peerDependenciesMeta:
      '@nuxtjs/composition-api':
        optional: true
      '@vue/composition-api':
        optional: true
    dependencies:
      '@vue/devtools-api': 6.4.5
      match-sorter: 6.3.1
      react-query: 3.39.2
      vue: 3.2.41
      vue-demi: 0.10.1_vue@3.2.41
    transitivePeerDependencies:
      - react
      - react-dom
      - react-native
    dev: false

  /vue-router/4.1.5_vue@3.2.41:
    resolution: {integrity: sha512-IsvoF5D2GQ/EGTs/Th4NQms9gd2NSqV+yylxIyp/OYp8xOwxmU8Kj/74E9DTSYAyH5LX7idVUngN3JSj1X4xcQ==}
    peerDependencies:
      vue: ^3.2.0
    dependencies:
      '@vue/devtools-api': 6.4.5
      vue: 3.2.41
    dev: true

  /vue-tsc/0.40.13_typescript@4.8.4:
    resolution: {integrity: sha512-xzuN3g5PnKfJcNrLv4+mAjteMd5wLm5fRhW0034OfNJZY4WhB07vhngea/XeGn7wNYt16r7syonzvW/54dcNiA==}
    hasBin: true
    peerDependencies:
      typescript: '*'
    dependencies:
      '@volar/vue-language-core': 0.40.13
      '@volar/vue-typescript': 0.40.13
      typescript: 4.8.4
    dev: true

  /vue/3.2.41:
    resolution: {integrity: sha512-uuuvnrDXEeZ9VUPljgHkqB5IaVO8SxhPpqF2eWOukVrBnRBx2THPSGQBnVRt0GrIG1gvCmFXMGbd7FqcT1ixNQ==}
    dependencies:
      '@vue/compiler-dom': 3.2.41
      '@vue/compiler-sfc': 3.2.41
      '@vue/runtime-dom': 3.2.41
      '@vue/server-renderer': 3.2.41_vue@3.2.41
      '@vue/shared': 3.2.41

  /wrappy/1.0.2:
    resolution: {integrity: sha512-l4Sp/DRseor9wL6EvV2+TuQn63dMkPjZ/sp9XkghTEbV9KlPS1xUsZ3u7/IQO4wxtcFB4bgpQPRcR3QCvezPcQ==}
    dev: false

  /yallist/4.0.0:
    resolution: {integrity: sha512-3wdGidZyq5PB084XLES5TpOSRA3wjXAlIWMhum2kRcv/41Sn2emQ0dycQW4uZXLejwKvg6EsvbdlVL+FYEct7A==}
